// !$*UTF8*$!
{
	archiveVersion = 1;
	classes = {
	};
	objectVersion = 56;
	objects = {

/* Begin PBXBuildFile section */
		8A0691F52B11010000448041 /* FinalProjectApp.swift in Sources */ = {isa = PBXBuildFile; fileRef = 8A0691F42B11010000448041 /* FinalProjectApp.swift */; };
		8A0691F72B11010000448041 /* ContentView.swift in Sources */ = {isa = PBXBuildFile; fileRef = 8A0691F62B11010000448041 /* ContentView.swift */; };
		8A0691F92B11010100448041 /* Assets.xcassets in Resources */ = {isa = PBXBuildFile; fileRef = 8A0691F82B11010100448041 /* Assets.xcassets */; };
		8A0691FC2B11010100448041 /* Preview Assets.xcassets in Resources */ = {isa = PBXBuildFile; fileRef = 8A0691FB2B11010100448041 /* Preview Assets.xcassets */; };
		8A0692062B11010100448041 /* FinalProjectTests.swift in Sources */ = {isa = PBXBuildFile; fileRef = 8A0692052B11010100448041 /* FinalProjectTests.swift */; };
		8A0692102B11010100448041 /* FinalProjectUITests.swift in Sources */ = {isa = PBXBuildFile; fileRef = 8A06920F2B11010100448041 /* FinalProjectUITests.swift */; };
		8A0692122B11010100448041 /* FinalProjectUITestsLaunchTests.swift in Sources */ = {isa = PBXBuildFile; fileRef = 8A0692112B11010100448041 /* FinalProjectUITestsLaunchTests.swift */; };
		8A5438C52B1BA29A0056C17C /* BuildingFiltering.swift in Sources */ = {isa = PBXBuildFile; fileRef = 8A5438C42B1BA29A0056C17C /* BuildingFiltering.swift */; };
		8A9133F32B1D19DB00EA2CC4 /* SavedButton.swift in Sources */ = {isa = PBXBuildFile; fileRef = 8A9133F22B1D19DB00EA2CC4 /* SavedButton.swift */; };
		8A9939BB2B15082D00DA3022 /* BuildingCards.swift in Sources */ = {isa = PBXBuildFile; fileRef = 8A9939BA2B15082D00DA3022 /* BuildingCards.swift */; };
		8A9939BD2B15085300DA3022 /* BuildingDetailView.swift in Sources */ = {isa = PBXBuildFile; fileRef = 8A9939BC2B15085300DA3022 /* BuildingDetailView.swift */; };
		8A9939BF2B15129A00DA3022 /* BuildingListView.swift in Sources */ = {isa = PBXBuildFile; fileRef = 8A9939BE2B15129A00DA3022 /* BuildingListView.swift */; };
		8A9939C12B1512FD00DA3022 /* MapView.swift in Sources */ = {isa = PBXBuildFile; fileRef = 8A9939C02B1512FD00DA3022 /* MapView.swift */; };
		8A9939C32B15130800DA3022 /* SavedView.swift in Sources */ = {isa = PBXBuildFile; fileRef = 8A9939C22B15130800DA3022 /* SavedView.swift */; };
		8A9939C52B15131200DA3022 /* MoreView.swift in Sources */ = {isa = PBXBuildFile; fileRef = 8A9939C42B15131200DA3022 /* MoreView.swift */; };
		8A9939C72B1517C200DA3022 /* Functions.swift in Sources */ = {isa = PBXBuildFile; fileRef = 8A9939C62B1517C200DA3022 /* Functions.swift */; };
		8AC04E812B112CB400084EE6 /* buildings.json in Resources */ = {isa = PBXBuildFile; fileRef = 8AC04E802B112CB400084EE6 /* buildings.json */; };
		8AC04E842B112D5F00084EE6 /* JSONFetch.swift in Sources */ = {isa = PBXBuildFile; fileRef = 8AC04E832B112D5F00084EE6 /* JSONFetch.swift */; };
		8AC04E862B11329000084EE6 /* Structs.swift in Sources */ = {isa = PBXBuildFile; fileRef = 8AC04E852B11329000084EE6 /* Structs.swift */; };
/* End PBXBuildFile section */

/* Begin PBXContainerItemProxy section */
		8A0692022B11010100448041 /* PBXContainerItemProxy */ = {
			isa = PBXContainerItemProxy;
			containerPortal = 8A0691E92B11010000448041 /* Project object */;
			proxyType = 1;
			remoteGlobalIDString = 8A0691F02B11010000448041;
			remoteInfo = FinalProject;
		};
		8A06920C2B11010100448041 /* PBXContainerItemProxy */ = {
			isa = PBXContainerItemProxy;
			containerPortal = 8A0691E92B11010000448041 /* Project object */;
			proxyType = 1;
			remoteGlobalIDString = 8A0691F02B11010000448041;
			remoteInfo = FinalProject;
		};
/* End PBXContainerItemProxy section */

/* Begin PBXFileReference section */
		8A0691F12B11010000448041 /* FinalProject.app */ = {isa = PBXFileReference; explicitFileType = wrapper.application; includeInIndex = 0; path = FinalProject.app; sourceTree = BUILT_PRODUCTS_DIR; };
		8A0691F42B11010000448041 /* FinalProjectApp.swift */ = {isa = PBXFileReference; lastKnownFileType = sourcecode.swift; path = FinalProjectApp.swift; sourceTree = "<group>"; };
		8A0691F62B11010000448041 /* ContentView.swift */ = {isa = PBXFileReference; lastKnownFileType = sourcecode.swift; path = ContentView.swift; sourceTree = "<group>"; };
		8A0691F82B11010100448041 /* Assets.xcassets */ = {isa = PBXFileReference; lastKnownFileType = folder.assetcatalog; path = Assets.xcassets; sourceTree = "<group>"; };
		8A0691FB2B11010100448041 /* Preview Assets.xcassets */ = {isa = PBXFileReference; lastKnownFileType = folder.assetcatalog; path = "Preview Assets.xcassets"; sourceTree = "<group>"; };
		8A0692012B11010100448041 /* FinalProjectTests.xctest */ = {isa = PBXFileReference; explicitFileType = wrapper.cfbundle; includeInIndex = 0; path = FinalProjectTests.xctest; sourceTree = BUILT_PRODUCTS_DIR; };
		8A0692052B11010100448041 /* FinalProjectTests.swift */ = {isa = PBXFileReference; lastKnownFileType = sourcecode.swift; path = FinalProjectTests.swift; sourceTree = "<group>"; };
		8A06920B2B11010100448041 /* FinalProjectUITests.xctest */ = {isa = PBXFileReference; explicitFileType = wrapper.cfbundle; includeInIndex = 0; path = FinalProjectUITests.xctest; sourceTree = BUILT_PRODUCTS_DIR; };
		8A06920F2B11010100448041 /* FinalProjectUITests.swift */ = {isa = PBXFileReference; lastKnownFileType = sourcecode.swift; path = FinalProjectUITests.swift; sourceTree = "<group>"; };
		8A0692112B11010100448041 /* FinalProjectUITestsLaunchTests.swift */ = {isa = PBXFileReference; lastKnownFileType = sourcecode.swift; path = FinalProjectUITestsLaunchTests.swift; sourceTree = "<group>"; };
		8A5438C42B1BA29A0056C17C /* BuildingFiltering.swift */ = {isa = PBXFileReference; lastKnownFileType = sourcecode.swift; path = BuildingFiltering.swift; sourceTree = "<group>"; };
		8A9133F22B1D19DB00EA2CC4 /* SavedButton.swift */ = {isa = PBXFileReference; lastKnownFileType = sourcecode.swift; path = SavedButton.swift; sourceTree = "<group>"; };
		8A9939BA2B15082D00DA3022 /* BuildingCards.swift */ = {isa = PBXFileReference; lastKnownFileType = sourcecode.swift; path = BuildingCards.swift; sourceTree = "<group>"; };
		8A9939BC2B15085300DA3022 /* BuildingDetailView.swift */ = {isa = PBXFileReference; lastKnownFileType = sourcecode.swift; path = BuildingDetailView.swift; sourceTree = "<group>"; };
		8A9939BE2B15129A00DA3022 /* BuildingListView.swift */ = {isa = PBXFileReference; lastKnownFileType = sourcecode.swift; path = BuildingListView.swift; sourceTree = "<group>"; };
		8A9939C02B1512FD00DA3022 /* MapView.swift */ = {isa = PBXFileReference; lastKnownFileType = sourcecode.swift; path = MapView.swift; sourceTree = "<group>"; };
		8A9939C22B15130800DA3022 /* SavedView.swift */ = {isa = PBXFileReference; lastKnownFileType = sourcecode.swift; path = SavedView.swift; sourceTree = "<group>"; };
		8A9939C42B15131200DA3022 /* MoreView.swift */ = {isa = PBXFileReference; lastKnownFileType = sourcecode.swift; path = MoreView.swift; sourceTree = "<group>"; };
		8A9939C62B1517C200DA3022 /* Functions.swift */ = {isa = PBXFileReference; lastKnownFileType = sourcecode.swift; path = Functions.swift; sourceTree = "<group>"; };
		8AC04E802B112CB400084EE6 /* buildings.json */ = {isa = PBXFileReference; fileEncoding = 4; lastKnownFileType = text.json; path = buildings.json; sourceTree = "<group>"; };
		8AC04E832B112D5F00084EE6 /* JSONFetch.swift */ = {isa = PBXFileReference; lastKnownFileType = sourcecode.swift; path = JSONFetch.swift; sourceTree = "<group>"; };
		8AC04E852B11329000084EE6 /* Structs.swift */ = {isa = PBXFileReference; lastKnownFileType = sourcecode.swift; path = Structs.swift; sourceTree = "<group>"; };
/* End PBXFileReference section */

/* Begin PBXFrameworksBuildPhase section */
		8A0691EE2B11010000448041 /* Frameworks */ = {
			isa = PBXFrameworksBuildPhase;
			buildActionMask = 2147483647;
			files = (
			);
			runOnlyForDeploymentPostprocessing = 0;
		};
		8A0691FE2B11010100448041 /* Frameworks */ = {
			isa = PBXFrameworksBuildPhase;
			buildActionMask = 2147483647;
			files = (
			);
			runOnlyForDeploymentPostprocessing = 0;
		};
		8A0692082B11010100448041 /* Frameworks */ = {
			isa = PBXFrameworksBuildPhase;
			buildActionMask = 2147483647;
			files = (
			);
			runOnlyForDeploymentPostprocessing = 0;
		};
/* End PBXFrameworksBuildPhase section */

/* Begin PBXGroup section */
		8A0691E82B11010000448041 = {
			isa = PBXGroup;
			children = (
				8A0691F32B11010000448041 /* FinalProject */,
				8A0692042B11010100448041 /* FinalProjectTests */,
				8A06920E2B11010100448041 /* FinalProjectUITests */,
				8A0691F22B11010000448041 /* Products */,
			);
			sourceTree = "<group>";
		};
		8A0691F22B11010000448041 /* Products */ = {
			isa = PBXGroup;
			children = (
				8A0691F12B11010000448041 /* FinalProject.app */,
				8A0692012B11010100448041 /* FinalProjectTests.xctest */,
				8A06920B2B11010100448041 /* FinalProjectUITests.xctest */,
			);
			name = Products;
			sourceTree = "<group>";
		};
		8A0691F32B11010000448041 /* FinalProject */ = {
			isa = PBXGroup;
			children = (
				8A9939B52B1507B700DA3022 /* Home */,
				8A9939B62B1507C400DA3022 /* Map */,
				8A9939B72B1507D800DA3022 /* Saved */,
				8A9939B82B1507E600DA3022 /* More */,
				8A9939B92B15080500DA3022 /* Details */,
				8AC04E822B112D4C00084EE6 /* Utils */,
				8A0691F42B11010000448041 /* FinalProjectApp.swift */,
				8A0691F62B11010000448041 /* ContentView.swift */,
				8A0691F82B11010100448041 /* Assets.xcassets */,
				8A0691FA2B11010100448041 /* Preview Content */,
			);
			path = FinalProject;
			sourceTree = "<group>";
		};
		8A0691FA2B11010100448041 /* Preview Content */ = {
			isa = PBXGroup;
			children = (
				8A0691FB2B11010100448041 /* Preview Assets.xcassets */,
			);
			path = "Preview Content";
			sourceTree = "<group>";
		};
		8A0692042B11010100448041 /* FinalProjectTests */ = {
			isa = PBXGroup;
			children = (
				8A0692052B11010100448041 /* FinalProjectTests.swift */,
			);
			path = FinalProjectTests;
			sourceTree = "<group>";
		};
		8A06920E2B11010100448041 /* FinalProjectUITests */ = {
			isa = PBXGroup;
			children = (
				8A06920F2B11010100448041 /* FinalProjectUITests.swift */,
				8A0692112B11010100448041 /* FinalProjectUITestsLaunchTests.swift */,
			);
			path = FinalProjectUITests;
			sourceTree = "<group>";
		};
		8A9939B52B1507B700DA3022 /* Home */ = {
			isa = PBXGroup;
			children = (
				8A9939BA2B15082D00DA3022 /* BuildingCards.swift */,
				8A9939BE2B15129A00DA3022 /* BuildingListView.swift */,
			);
			path = Home;
			sourceTree = "<group>";
		};
		8A9939B62B1507C400DA3022 /* Map */ = {
			isa = PBXGroup;
			children = (
				8A9939C02B1512FD00DA3022 /* MapView.swift */,
			);
			path = Map;
			sourceTree = "<group>";
		};
		8A9939B72B1507D800DA3022 /* Saved */ = {
			isa = PBXGroup;
			children = (
				8A9939C22B15130800DA3022 /* SavedView.swift */,
				8A9133F22B1D19DB00EA2CC4 /* SavedButton.swift */,
			);
			path = Saved;
			sourceTree = "<group>";
		};
		8A9939B82B1507E600DA3022 /* More */ = {
			isa = PBXGroup;
			children = (
				8A9939C42B15131200DA3022 /* MoreView.swift */,
			);
			path = More;
			sourceTree = "<group>";
		};
		8A9939B92B15080500DA3022 /* Details */ = {
			isa = PBXGroup;
			children = (
				8A9939BC2B15085300DA3022 /* BuildingDetailView.swift */,
			);
			path = Details;
			sourceTree = "<group>";
		};
		8AC04E822B112D4C00084EE6 /* Utils */ = {
			isa = PBXGroup;
			children = (
				8AC04E802B112CB400084EE6 /* buildings.json */,
				8AC04E832B112D5F00084EE6 /* JSONFetch.swift */,
				8AC04E852B11329000084EE6 /* Structs.swift */,
				8A9939C62B1517C200DA3022 /* Functions.swift */,
				8A5438C42B1BA29A0056C17C /* BuildingFiltering.swift */,
			);
			path = Utils;
			sourceTree = "<group>";
		};
/* End PBXGroup section */

/* Begin PBXNativeTarget section */
		8A0691F02B11010000448041 /* FinalProject */ = {
			isa = PBXNativeTarget;
			buildConfigurationList = 8A0692152B11010100448041 /* Build configuration list for PBXNativeTarget "FinalProject" */;
			buildPhases = (
				8A0691ED2B11010000448041 /* Sources */,
				8A0691EE2B11010000448041 /* Frameworks */,
				8A0691EF2B11010000448041 /* Resources */,
			);
			buildRules = (
			);
			dependencies = (
			);
			name = FinalProject;
			productName = FinalProject;
			productReference = 8A0691F12B11010000448041 /* FinalProject.app */;
			productType = "com.apple.product-type.application";
		};
		8A0692002B11010100448041 /* FinalProjectTests */ = {
			isa = PBXNativeTarget;
			buildConfigurationList = 8A0692182B11010100448041 /* Build configuration list for PBXNativeTarget "FinalProjectTests" */;
			buildPhases = (
				8A0691FD2B11010100448041 /* Sources */,
				8A0691FE2B11010100448041 /* Frameworks */,
				8A0691FF2B11010100448041 /* Resources */,
			);
			buildRules = (
			);
			dependencies = (
				8A0692032B11010100448041 /* PBXTargetDependency */,
			);
			name = FinalProjectTests;
			productName = FinalProjectTests;
			productReference = 8A0692012B11010100448041 /* FinalProjectTests.xctest */;
			productType = "com.apple.product-type.bundle.unit-test";
		};
		8A06920A2B11010100448041 /* FinalProjectUITests */ = {
			isa = PBXNativeTarget;
			buildConfigurationList = 8A06921B2B11010100448041 /* Build configuration list for PBXNativeTarget "FinalProjectUITests" */;
			buildPhases = (
				8A0692072B11010100448041 /* Sources */,
				8A0692082B11010100448041 /* Frameworks */,
				8A0692092B11010100448041 /* Resources */,
			);
			buildRules = (
			);
			dependencies = (
				8A06920D2B11010100448041 /* PBXTargetDependency */,
			);
			name = FinalProjectUITests;
			productName = FinalProjectUITests;
			productReference = 8A06920B2B11010100448041 /* FinalProjectUITests.xctest */;
			productType = "com.apple.product-type.bundle.ui-testing";
		};
/* End PBXNativeTarget section */

/* Begin PBXProject section */
		8A0691E92B11010000448041 /* Project object */ = {
			isa = PBXProject;
			attributes = {
				BuildIndependentTargetsInParallel = 1;
				LastSwiftUpdateCheck = 1500;
				LastUpgradeCheck = 1500;
				TargetAttributes = {
					8A0691F02B11010000448041 = {
						CreatedOnToolsVersion = 15.0.1;
					};
					8A0692002B11010100448041 = {
						CreatedOnToolsVersion = 15.0.1;
						TestTargetID = 8A0691F02B11010000448041;
					};
					8A06920A2B11010100448041 = {
						CreatedOnToolsVersion = 15.0.1;
						TestTargetID = 8A0691F02B11010000448041;
					};
				};
			};
			buildConfigurationList = 8A0691EC2B11010000448041 /* Build configuration list for PBXProject "FinalProject" */;
			compatibilityVersion = "Xcode 14.0";
			developmentRegion = en;
			hasScannedForEncodings = 0;
			knownRegions = (
				en,
				Base,
			);
			mainGroup = 8A0691E82B11010000448041;
			productRefGroup = 8A0691F22B11010000448041 /* Products */;
			projectDirPath = "";
			projectRoot = "";
			targets = (
				8A0691F02B11010000448041 /* FinalProject */,
				8A0692002B11010100448041 /* FinalProjectTests */,
				8A06920A2B11010100448041 /* FinalProjectUITests */,
			);
		};
/* End PBXProject section */

/* Begin PBXResourcesBuildPhase section */
		8A0691EF2B11010000448041 /* Resources */ = {
			isa = PBXResourcesBuildPhase;
			buildActionMask = 2147483647;
			files = (
				8A0691FC2B11010100448041 /* Preview Assets.xcassets in Resources */,
				8A0691F92B11010100448041 /* Assets.xcassets in Resources */,
				8AC04E812B112CB400084EE6 /* buildings.json in Resources */,
			);
			runOnlyForDeploymentPostprocessing = 0;
		};
		8A0691FF2B11010100448041 /* Resources */ = {
			isa = PBXResourcesBuildPhase;
			buildActionMask = 2147483647;
			files = (
			);
			runOnlyForDeploymentPostprocessing = 0;
		};
		8A0692092B11010100448041 /* Resources */ = {
			isa = PBXResourcesBuildPhase;
			buildActionMask = 2147483647;
			files = (
			);
			runOnlyForDeploymentPostprocessing = 0;
		};
/* End PBXResourcesBuildPhase section */

/* Begin PBXSourcesBuildPhase section */
		8A0691ED2B11010000448041 /* Sources */ = {
			isa = PBXSourcesBuildPhase;
			buildActionMask = 2147483647;
			files = (
				8A9939BB2B15082D00DA3022 /* BuildingCards.swift in Sources */,
				8A9939C12B1512FD00DA3022 /* MapView.swift in Sources */,
				8A9939BF2B15129A00DA3022 /* BuildingListView.swift in Sources */,
				8AC04E862B11329000084EE6 /* Structs.swift in Sources */,
				8A9939C72B1517C200DA3022 /* Functions.swift in Sources */,
				8AC04E842B112D5F00084EE6 /* JSONFetch.swift in Sources */,
				8A9133F32B1D19DB00EA2CC4 /* SavedButton.swift in Sources */,
				8A9939C32B15130800DA3022 /* SavedView.swift in Sources */,
				8A9939BD2B15085300DA3022 /* BuildingDetailView.swift in Sources */,
				8A5438C52B1BA29A0056C17C /* BuildingFiltering.swift in Sources */,
				8A0691F72B11010000448041 /* ContentView.swift in Sources */,
				8A0691F52B11010000448041 /* FinalProjectApp.swift in Sources */,
				8A9939C52B15131200DA3022 /* MoreView.swift in Sources */,
			);
			runOnlyForDeploymentPostprocessing = 0;
		};
		8A0691FD2B11010100448041 /* Sources */ = {
			isa = PBXSourcesBuildPhase;
			buildActionMask = 2147483647;
			files = (
				8A0692062B11010100448041 /* FinalProjectTests.swift in Sources */,
			);
			runOnlyForDeploymentPostprocessing = 0;
		};
		8A0692072B11010100448041 /* Sources */ = {
			isa = PBXSourcesBuildPhase;
			buildActionMask = 2147483647;
			files = (
				8A0692102B11010100448041 /* FinalProjectUITests.swift in Sources */,
				8A0692122B11010100448041 /* FinalProjectUITestsLaunchTests.swift in Sources */,
			);
			runOnlyForDeploymentPostprocessing = 0;
		};
/* End PBXSourcesBuildPhase section */

/* Begin PBXTargetDependency section */
		8A0692032B11010100448041 /* PBXTargetDependency */ = {
			isa = PBXTargetDependency;
			target = 8A0691F02B11010000448041 /* FinalProject */;
			targetProxy = 8A0692022B11010100448041 /* PBXContainerItemProxy */;
		};
		8A06920D2B11010100448041 /* PBXTargetDependency */ = {
			isa = PBXTargetDependency;
			target = 8A0691F02B11010000448041 /* FinalProject */;
			targetProxy = 8A06920C2B11010100448041 /* PBXContainerItemProxy */;
		};
/* End PBXTargetDependency section */

/* Begin XCBuildConfiguration section */
		8A0692132B11010100448041 /* Debug */ = {
			isa = XCBuildConfiguration;
			buildSettings = {
				ALWAYS_SEARCH_USER_PATHS = NO;
				ASSETCATALOG_COMPILER_GENERATE_SWIFT_ASSET_SYMBOL_EXTENSIONS = YES;
				CLANG_ANALYZER_NONNULL = YES;
				CLANG_ANALYZER_NUMBER_OBJECT_CONVERSION = YES_AGGRESSIVE;
				CLANG_CXX_LANGUAGE_STANDARD = "gnu++20";
				CLANG_ENABLE_MODULES = YES;
				CLANG_ENABLE_OBJC_ARC = YES;
				CLANG_ENABLE_OBJC_WEAK = YES;
				CLANG_WARN_BLOCK_CAPTURE_AUTORELEASING = YES;
				CLANG_WARN_BOOL_CONVERSION = YES;
				CLANG_WARN_COMMA = YES;
				CLANG_WARN_CONSTANT_CONVERSION = YES;
				CLANG_WARN_DEPRECATED_OBJC_IMPLEMENTATIONS = YES;
				CLANG_WARN_DIRECT_OBJC_ISA_USAGE = YES_ERROR;
				CLANG_WARN_DOCUMENTATION_COMMENTS = YES;
				CLANG_WARN_EMPTY_BODY = YES;
				CLANG_WARN_ENUM_CONVERSION = YES;
				CLANG_WARN_INFINITE_RECURSION = YES;
				CLANG_WARN_INT_CONVERSION = YES;
				CLANG_WARN_NON_LITERAL_NULL_CONVERSION = YES;
				CLANG_WARN_OBJC_IMPLICIT_RETAIN_SELF = YES;
				CLANG_WARN_OBJC_LITERAL_CONVERSION = YES;
				CLANG_WARN_OBJC_ROOT_CLASS = YES_ERROR;
				CLANG_WARN_QUOTED_INCLUDE_IN_FRAMEWORK_HEADER = YES;
				CLANG_WARN_RANGE_LOOP_ANALYSIS = YES;
				CLANG_WARN_STRICT_PROTOTYPES = YES;
				CLANG_WARN_SUSPICIOUS_MOVE = YES;
				CLANG_WARN_UNGUARDED_AVAILABILITY = YES_AGGRESSIVE;
				CLANG_WARN_UNREACHABLE_CODE = YES;
				CLANG_WARN__DUPLICATE_METHOD_MATCH = YES;
				COPY_PHASE_STRIP = NO;
				DEBUG_INFORMATION_FORMAT = dwarf;
				ENABLE_STRICT_OBJC_MSGSEND = YES;
				ENABLE_TESTABILITY = YES;
				ENABLE_USER_SCRIPT_SANDBOXING = YES;
				GCC_C_LANGUAGE_STANDARD = gnu17;
				GCC_DYNAMIC_NO_PIC = NO;
				GCC_NO_COMMON_BLOCKS = YES;
				GCC_OPTIMIZATION_LEVEL = 0;
				GCC_PREPROCESSOR_DEFINITIONS = (
					"DEBUG=1",
					"$(inherited)",
				);
				GCC_WARN_64_TO_32_BIT_CONVERSION = YES;
				GCC_WARN_ABOUT_RETURN_TYPE = YES_ERROR;
				GCC_WARN_UNDECLARED_SELECTOR = YES;
				GCC_WARN_UNINITIALIZED_AUTOS = YES_AGGRESSIVE;
				GCC_WARN_UNUSED_FUNCTION = YES;
				GCC_WARN_UNUSED_VARIABLE = YES;
				IPHONEOS_DEPLOYMENT_TARGET = 17.0;
				LOCALIZATION_PREFERS_STRING_CATALOGS = YES;
				MTL_ENABLE_DEBUG_INFO = INCLUDE_SOURCE;
				MTL_FAST_MATH = YES;
				ONLY_ACTIVE_ARCH = YES;
				SDKROOT = iphoneos;
				SWIFT_ACTIVE_COMPILATION_CONDITIONS = "DEBUG $(inherited)";
				SWIFT_OPTIMIZATION_LEVEL = "-Onone";
			};
			name = Debug;
		};
		8A0692142B11010100448041 /* Release */ = {
			isa = XCBuildConfiguration;
			buildSettings = {
				ALWAYS_SEARCH_USER_PATHS = NO;
				ASSETCATALOG_COMPILER_GENERATE_SWIFT_ASSET_SYMBOL_EXTENSIONS = YES;
				CLANG_ANALYZER_NONNULL = YES;
				CLANG_ANALYZER_NUMBER_OBJECT_CONVERSION = YES_AGGRESSIVE;
				CLANG_CXX_LANGUAGE_STANDARD = "gnu++20";
				CLANG_ENABLE_MODULES = YES;
				CLANG_ENABLE_OBJC_ARC = YES;
				CLANG_ENABLE_OBJC_WEAK = YES;
				CLANG_WARN_BLOCK_CAPTURE_AUTORELEASING = YES;
				CLANG_WARN_BOOL_CONVERSION = YES;
				CLANG_WARN_COMMA = YES;
				CLANG_WARN_CONSTANT_CONVERSION = YES;
				CLANG_WARN_DEPRECATED_OBJC_IMPLEMENTATIONS = YES;
				CLANG_WARN_DIRECT_OBJC_ISA_USAGE = YES_ERROR;
				CLANG_WARN_DOCUMENTATION_COMMENTS = YES;
				CLANG_WARN_EMPTY_BODY = YES;
				CLANG_WARN_ENUM_CONVERSION = YES;
				CLANG_WARN_INFINITE_RECURSION = YES;
				CLANG_WARN_INT_CONVERSION = YES;
				CLANG_WARN_NON_LITERAL_NULL_CONVERSION = YES;
				CLANG_WARN_OBJC_IMPLICIT_RETAIN_SELF = YES;
				CLANG_WARN_OBJC_LITERAL_CONVERSION = YES;
				CLANG_WARN_OBJC_ROOT_CLASS = YES_ERROR;
				CLANG_WARN_QUOTED_INCLUDE_IN_FRAMEWORK_HEADER = YES;
				CLANG_WARN_RANGE_LOOP_ANALYSIS = YES;
				CLANG_WARN_STRICT_PROTOTYPES = YES;
				CLANG_WARN_SUSPICIOUS_MOVE = YES;
				CLANG_WARN_UNGUARDED_AVAILABILITY = YES_AGGRESSIVE;
				CLANG_WARN_UNREACHABLE_CODE = YES;
				CLANG_WARN__DUPLICATE_METHOD_MATCH = YES;
				COPY_PHASE_STRIP = NO;
				DEBUG_INFORMATION_FORMAT = "dwarf-with-dsym";
				ENABLE_NS_ASSERTIONS = NO;
				ENABLE_STRICT_OBJC_MSGSEND = YES;
				ENABLE_USER_SCRIPT_SANDBOXING = YES;
				GCC_C_LANGUAGE_STANDARD = gnu17;
				GCC_NO_COMMON_BLOCKS = YES;
				GCC_WARN_64_TO_32_BIT_CONVERSION = YES;
				GCC_WARN_ABOUT_RETURN_TYPE = YES_ERROR;
				GCC_WARN_UNDECLARED_SELECTOR = YES;
				GCC_WARN_UNINITIALIZED_AUTOS = YES_AGGRESSIVE;
				GCC_WARN_UNUSED_FUNCTION = YES;
				GCC_WARN_UNUSED_VARIABLE = YES;
				IPHONEOS_DEPLOYMENT_TARGET = 17.0;
				LOCALIZATION_PREFERS_STRING_CATALOGS = YES;
				MTL_ENABLE_DEBUG_INFO = NO;
				MTL_FAST_MATH = YES;
				SDKROOT = iphoneos;
				SWIFT_COMPILATION_MODE = wholemodule;
				VALIDATE_PRODUCT = YES;
			};
			name = Release;
		};
		8A0692162B11010100448041 /* Debug */ = {
			isa = XCBuildConfiguration;
			buildSettings = {
				ASSETCATALOG_COMPILER_APPICON_NAME = AppIcon;
				ASSETCATALOG_COMPILER_GLOBAL_ACCENT_COLOR_NAME = AccentColor;
				CODE_SIGN_STYLE = Automatic;
				CURRENT_PROJECT_VERSION = 1;
				DEVELOPMENT_ASSET_PATHS = "\"FinalProject/Preview Content\"";
				DEVELOPMENT_TEAM = V94L67MHG8;
				ENABLE_PREVIEWS = YES;
				GENERATE_INFOPLIST_FILE = YES;
				INFOPLIST_KEY_UIApplicationSceneManifest_Generation = YES;
				INFOPLIST_KEY_UIApplicationSupportsIndirectInputEvents = YES;
				INFOPLIST_KEY_UILaunchScreen_Generation = YES;
				INFOPLIST_KEY_UISupportedInterfaceOrientations_iPad = "UIInterfaceOrientationPortrait UIInterfaceOrientationPortraitUpsideDown UIInterfaceOrientationLandscapeLeft UIInterfaceOrientationLandscapeRight";
				INFOPLIST_KEY_UISupportedInterfaceOrientations_iPhone = "UIInterfaceOrientationPortrait UIInterfaceOrientationLandscapeLeft UIInterfaceOrientationLandscapeRight";
				LD_RUNPATH_SEARCH_PATHS = (
					"$(inherited)",
					"@executable_path/Frameworks",
				);
				MARKETING_VERSION = 1.0;
				PRODUCT_BUNDLE_IDENTIFIER = com.algonquincollege.FinalProject;
				PRODUCT_NAME = "$(TARGET_NAME)";
				SWIFT_EMIT_LOC_STRINGS = YES;
				SWIFT_VERSION = 5.0;
				TARGETED_DEVICE_FAMILY = "1,2";
			};
			name = Debug;
		};
		8A0692172B11010100448041 /* Release */ = {
			isa = XCBuildConfiguration;
			buildSettings = {
				ASSETCATALOG_COMPILER_APPICON_NAME = AppIcon;
				ASSETCATALOG_COMPILER_GLOBAL_ACCENT_COLOR_NAME = AccentColor;
				CODE_SIGN_STYLE = Automatic;
				CURRENT_PROJECT_VERSION = 1;
				DEVELOPMENT_ASSET_PATHS = "\"FinalProject/Preview Content\"";
				DEVELOPMENT_TEAM = V94L67MHG8;
				ENABLE_PREVIEWS = YES;
				GENERATE_INFOPLIST_FILE = YES;
				INFOPLIST_KEY_UIApplicationSceneManifest_Generation = YES;
				INFOPLIST_KEY_UIApplicationSupportsIndirectInputEvents = YES;
				INFOPLIST_KEY_UILaunchScreen_Generation = YES;
				INFOPLIST_KEY_UISupportedInterfaceOrientations_iPad = "UIInterfaceOrientationPortrait UIInterfaceOrientationPortraitUpsideDown UIInterfaceOrientationLandscapeLeft UIInterfaceOrientationLandscapeRight";
				INFOPLIST_KEY_UISupportedInterfaceOrientations_iPhone = "UIInterfaceOrientationPortrait UIInterfaceOrientationLandscapeLeft UIInterfaceOrientationLandscapeRight";
				LD_RUNPATH_SEARCH_PATHS = (
					"$(inherited)",
					"@executable_path/Frameworks",
				);
				MARKETING_VERSION = 1.0;
				PRODUCT_BUNDLE_IDENTIFIER = com.algonquincollege.FinalProject;
				PRODUCT_NAME = "$(TARGET_NAME)";
				SWIFT_EMIT_LOC_STRINGS = YES;
				SWIFT_VERSION = 5.0;
				TARGETED_DEVICE_FAMILY = "1,2";
			};
			name = Release;
		};
		8A0692192B11010100448041 /* Debug */ = {
			isa = XCBuildConfiguration;
			buildSettings = {
				ALWAYS_EMBED_SWIFT_STANDARD_LIBRARIES = YES;
				BUNDLE_LOADER = "$(TEST_HOST)";
				CODE_SIGN_STYLE = Automatic;
				CURRENT_PROJECT_VERSION = 1;
				DEVELOPMENT_TEAM = V94L67MHG8;
				GENERATE_INFOPLIST_FILE = YES;
				IPHONEOS_DEPLOYMENT_TARGET = 17.0;
				MARKETING_VERSION = 1.0;
				PRODUCT_BUNDLE_IDENTIFIER = com.algonquincollege.FinalProjectTests;
				PRODUCT_NAME = "$(TARGET_NAME)";
				SWIFT_EMIT_LOC_STRINGS = NO;
				SWIFT_VERSION = 5.0;
				TARGETED_DEVICE_FAMILY = "1,2";
				TEST_HOST = "$(BUILT_PRODUCTS_DIR)/FinalProject.app/$(BUNDLE_EXECUTABLE_FOLDER_PATH)/FinalProject";
			};
			name = Debug;
		};
		8A06921A2B11010100448041 /* Release */ = {
			isa = XCBuildConfiguration;
			buildSettings = {
				ALWAYS_EMBED_SWIFT_STANDARD_LIBRARIES = YES;
				BUNDLE_LOADER = "$(TEST_HOST)";
				CODE_SIGN_STYLE = Automatic;
				CURRENT_PROJECT_VERSION = 1;
				DEVELOPMENT_TEAM = V94L67MHG8;
				GENERATE_INFOPLIST_FILE = YES;
				IPHONEOS_DEPLOYMENT_TARGET = 17.0;
				MARKETING_VERSION = 1.0;
				PRODUCT_BUNDLE_IDENTIFIER = com.algonquincollege.FinalProjectTests;
				PRODUCT_NAME = "$(TARGET_NAME)";
				SWIFT_EMIT_LOC_STRINGS = NO;
				SWIFT_VERSION = 5.0;
				TARGETED_DEVICE_FAMILY = "1,2";
				TEST_HOST = "$(BUILT_PRODUCTS_DIR)/FinalProject.app/$(BUNDLE_EXECUTABLE_FOLDER_PATH)/FinalProject";
			};
			name = Release;
		};
		8A06921C2B11010100448041 /* Debug */ = {
			isa = XCBuildConfiguration;
			buildSettings = {
				ALWAYS_EMBED_SWIFT_STANDARD_LIBRARIES = YES;
				CODE_SIGN_STYLE = Automatic;
				CURRENT_PROJECT_VERSION = 1;
				DEVELOPMENT_TEAM = V94L67MHG8;
				GENERATE_INFOPLIST_FILE = YES;
				MARKETING_VERSION = 1.0;
				PRODUCT_BUNDLE_IDENTIFIER = com.algonquincollege.FinalProjectUITests;
				PRODUCT_NAME = "$(TARGET_NAME)";
				SWIFT_EMIT_LOC_STRINGS = NO;
				SWIFT_VERSION = 5.0;
				TARGETED_DEVICE_FAMILY = "1,2";
				TEST_TARGET_NAME = FinalProject;
			};
			name = Debug;
		};
		8A06921D2B11010100448041 /* Release */ = {
			isa = XCBuildConfiguration;
			buildSettings = {
				ALWAYS_EMBED_SWIFT_STANDARD_LIBRARIES = YES;
				CODE_SIGN_STYLE = Automatic;
				CURRENT_PROJECT_VERSION = 1;
				DEVELOPMENT_TEAM = V94L67MHG8;
				GENERATE_INFOPLIST_FILE = YES;
				MARKETING_VERSION = 1.0;
				PRODUCT_BUNDLE_IDENTIFIER = com.algonquincollege.FinalProjectUITests;
				PRODUCT_NAME = "$(TARGET_NAME)";
				SWIFT_EMIT_LOC_STRINGS = NO;
				SWIFT_VERSION = 5.0;
				TARGETED_DEVICE_FAMILY = "1,2";
				TEST_TARGET_NAME = FinalProject;
			};
			name = Release;
		};
/* End XCBuildConfiguration section */

/* Begin XCConfigurationList section */
		8A0691EC2B11010000448041 /* Build configuration list for PBXProject "FinalProject" */ = {
			isa = XCConfigurationList;
			buildConfigurations = (
				8A0692132B11010100448041 /* Debug */,
				8A0692142B11010100448041 /* Release */,
			);
			defaultConfigurationIsVisible = 0;
			defaultConfigurationName = Release;
		};
		8A0692152B11010100448041 /* Build configuration list for PBXNativeTarget "FinalProject" */ = {
			isa = XCConfigurationList;
			buildConfigurations = (
				8A0692162B11010100448041 /* Debug */,
				8A0692172B11010100448041 /* Release */,
			);
			defaultConfigurationIsVisible = 0;
			defaultConfigurationName = Release;
		};
		8A0692182B11010100448041 /* Build configuration list for PBXNativeTarget "FinalProjectTests" */ = {
			isa = XCConfigurationList;
			buildConfigurations = (
				8A0692192B11010100448041 /* Debug */,
				8A06921A2B11010100448041 /* Release */,
			);
			defaultConfigurationIsVisible = 0;
			defaultConfigurationName = Release;
		};
		8A06921B2B11010100448041 /* Build configuration list for PBXNativeTarget "FinalProjectUITests" */ = {
			isa = XCConfigurationList;
			buildConfigurations = (
				8A06921C2B11010100448041 /* Debug */,
				8A06921D2B11010100448041 /* Release */,
			);
			defaultConfigurationIsVisible = 0;
			defaultConfigurationName = Release;
		};
/* End XCConfigurationList section */
	};
	rootObject = 8A0691E92B11010000448041 /* Project object */;
}
